{
  "name": "xgds_notes2",
  "version": "1.0.0",
  "lockfileVersion": 1,
  "requires": true,
  "dependencies": {
    "bootstrap-tagsinput": {
      "version": "github:xgds/bootstrap-tagsinput#405a0bda7b98152cf2bd5fd8fadef7b0ce6bd46d",
      "from": "github:xgds/bootstrap-tagsinput#master"
    },
    "datatables.net-plugins": {
      "version": "1.10.15",
      "resolved": "https://registry.npmjs.org/datatables.net-plugins/-/datatables.net-plugins-1.10.15.tgz",
      "integrity": "sha1-kG3uv/dQEKtMJ1+AWLS2DSyPMVc="
    },
    "jquery": {
      "version": "3.3.1",
      "resolved": "https://registry.npmjs.org/jquery/-/jquery-3.3.1.tgz",
      "integrity": "sha512-Ubldcmxp5np52/ENotGxlLe6aGMvmF4R8S6tZjsP6Knsaxd/xp3Zrh50cG93lR6nPXyUFwzN3ZSOQI0wRJNdGg=="
    },
    "jquery.fancytree": {
      "version": "2.25.0",
      "resolved": "https://registry.npmjs.org/jquery.fancytree/-/jquery.fancytree-2.25.0.tgz",
      "integrity": "sha512-Ne//N16jOX82CbBwHBarC7HmJbo3Ki35pTBExehvNopTTnRxQq3eHw8i7VjFnWO1WIz3RSdol5oNkgkAoiKltg==",
      "requires": {
        "jquery": ">=1.9"
      }
    },
    "moment": {
      "version": "2.29.4",
      "resolved": "https://registry.npmjs.org/moment/-/moment-2.29.4.tgz",
      "integrity": "sha512-5LC9SOxjSc2HF6vO2CyuTDNivEdoz2IvyJJGj6X8DJ0eFyfszE0QiEd+iXmBvUP3WHxSjFH/vIsA0EN00cgr8w=="
    },
    "typeahead.js": {
      "version": "0.11.1",
      "resolved": "https://registry.npmjs.org/typeahead.js/-/typeahead.js-0.11.1.tgz",
      "integrity": "sha1-TmTmcbIjEKhgb0rsgFkkuoSwFbg=",
      "requires": {
        "jquery": ">=1.7"
      }
    },
    "ui-contextmenu": {
      "version": "1.18.1",
      "resolved": "https://registry.npmjs.org/ui-contextmenu/-/ui-contextmenu-1.18.1.tgz",
      "integrity": "sha512-VoFu/71cTgCkfTBO7Q1huIosW78eIO6TLHfGIjEG57nVi7OdkcTFAKEgjCKaiwMJw3jvlZniUoJfzLXL/i+eYQ==",
      "requires": {
        "jquery": ">=1.7"
      }
    }
  }
}
